
Microsoft Visual Studio Solution File, Format Version 12.00
# Visual Studio 14
VisualStudioVersion = 14.0.24720.0
MinimumVisualStudioVersion = 10.0.40219.1
Project("{FAE04EC0-301F-11D3-BF4B-00C04F79EFBC}") = "PruebaGitColaborativoof", "PruebaGitColaborativoof\PruebaGitColaborativoof.csproj", "{2F346DBF-5991-459B-94B9-0D729CCF5705}"
EndProject
Global
	GlobalSection(SolutionConfigurationPlatforms) = preSolution
		Debug|Any CPU = Debug|Any CPU
		Release|Any CPU = Release|Any CPU
	EndGlobalSection
	GlobalSection(ProjectConfigurationPlatforms) = postSolution
		{2F346DBF-5991-459B-94B9-0D729CCF5705}.Debug|Any CPU.ActiveCfg = Debug|Any CPU
		{2F346DBF-5991-459B-94B9-0D729CCF5705}.Debug|Any CPU.Build.0 = Debug|Any CPU
		{2F346DBF-5991-459B-94B9-0D729CCF5705}.Release|Any CPU.ActiveCfg = Release|Any CPU
		{2F346DBF-5991-459B-94B9-0D729CCF5705}.Release|Any CPU.Build.0 = Release|Any CPU
	EndGlobalSection
	GlobalSection(SolutionProperties) = preSolution
		HideSolutionNode = FALSE
	EndGlobalSection
EndGlobal
